
Microsoft Visual Studio Solution File, Format Version 12.00
# Visual Studio 2013
VisualStudioVersion = 12.0.31101.0
MinimumVisualStudioVersion = 10.0.40219.1
Project("{FAE04EC0-301F-11D3-BF4B-00C04F79EFBC}") = "Minesweeper", "Minesweeper.csproj", "{B20E8DFD-5F12-4358-849D-1F25806E9052}"
EndProject
Project("{FAE04EC0-301F-11D3-BF4B-00C04F79EFBC}") = "PrintingVariable", "PrintingVariable\PrintingVariable.csproj", "{DA2C6E20-5BB5-4BEB-88C2-78523C7C28CD}"
EndProject
Project("{FAE04EC0-301F-11D3-BF4B-00C04F79EFBC}") = "Person", "Person\Person.csproj", "{F1735B5C-0F9A-4D78-8EF2-E6ED92D667A7}"
EndProject
Project("{FAE04EC0-301F-11D3-BF4B-00C04F79EFBC}") = "Button", "Button\Button.csproj", "{8073F846-968F-46A1-B487-CFB9D70A3CCC}"
EndProject
Global
	GlobalSection(SolutionConfigurationPlatforms) = preSolution
		Debug|Any CPU = Debug|Any CPU
		Release|Any CPU = Release|Any CPU
	EndGlobalSection
	GlobalSection(ProjectConfigurationPlatforms) = postSolution
		{B20E8DFD-5F12-4358-849D-1F25806E9052}.Debug|Any CPU.ActiveCfg = Debug|Any CPU
		{B20E8DFD-5F12-4358-849D-1F25806E9052}.Debug|Any CPU.Build.0 = Debug|Any CPU
		{B20E8DFD-5F12-4358-849D-1F25806E9052}.Release|Any CPU.ActiveCfg = Release|Any CPU
		{B20E8DFD-5F12-4358-849D-1F25806E9052}.Release|Any CPU.Build.0 = Release|Any CPU
		{DA2C6E20-5BB5-4BEB-88C2-78523C7C28CD}.Debug|Any CPU.ActiveCfg = Debug|Any CPU
		{DA2C6E20-5BB5-4BEB-88C2-78523C7C28CD}.Debug|Any CPU.Build.0 = Debug|Any CPU
		{DA2C6E20-5BB5-4BEB-88C2-78523C7C28CD}.Release|Any CPU.ActiveCfg = Release|Any CPU
		{DA2C6E20-5BB5-4BEB-88C2-78523C7C28CD}.Release|Any CPU.Build.0 = Release|Any CPU
		{F1735B5C-0F9A-4D78-8EF2-E6ED92D667A7}.Debug|Any CPU.ActiveCfg = Debug|Any CPU
		{F1735B5C-0F9A-4D78-8EF2-E6ED92D667A7}.Debug|Any CPU.Build.0 = Debug|Any CPU
		{F1735B5C-0F9A-4D78-8EF2-E6ED92D667A7}.Release|Any CPU.ActiveCfg = Release|Any CPU
		{F1735B5C-0F9A-4D78-8EF2-E6ED92D667A7}.Release|Any CPU.Build.0 = Release|Any CPU
		{8073F846-968F-46A1-B487-CFB9D70A3CCC}.Debug|Any CPU.ActiveCfg = Debug|Any CPU
		{8073F846-968F-46A1-B487-CFB9D70A3CCC}.Debug|Any CPU.Build.0 = Debug|Any CPU
		{8073F846-968F-46A1-B487-CFB9D70A3CCC}.Release|Any CPU.ActiveCfg = Release|Any CPU
		{8073F846-968F-46A1-B487-CFB9D70A3CCC}.Release|Any CPU.Build.0 = Release|Any CPU
	EndGlobalSection
	GlobalSection(SolutionProperties) = preSolution
		HideSolutionNode = FALSE
	EndGlobalSection
EndGlobal
