
Microsoft Visual Studio Solution File, Format Version 12.00
# Visual Studio 2013
VisualStudioVersion = 12.0.31101.0
MinimumVisualStudioVersion = 10.0.40219.1
Project("{FAE04EC0-301F-11D3-BF4B-00C04F79EFBC}") = "Task01.StudentsAndCourses", "Task01.StudentsAndCourses\Task01.StudentsAndCourses.csproj", "{0AB9AA28-D9D7-4855-9384-549A3EBFF7B4}"
EndProject
Project("{FAE04EC0-301F-11D3-BF4B-00C04F79EFBC}") = "School.Test", "School.Test\School.Test.csproj", "{5D287E14-8129-4FA6-999E-3449EF2DBF01}"
EndProject
Global
	GlobalSection(SolutionConfigurationPlatforms) = preSolution
		Debug|Any CPU = Debug|Any CPU
		Release|Any CPU = Release|Any CPU
	EndGlobalSection
	GlobalSection(ProjectConfigurationPlatforms) = postSolution
		{0AB9AA28-D9D7-4855-9384-549A3EBFF7B4}.Debug|Any CPU.ActiveCfg = Debug|Any CPU
		{0AB9AA28-D9D7-4855-9384-549A3EBFF7B4}.Debug|Any CPU.Build.0 = Debug|Any CPU
		{0AB9AA28-D9D7-4855-9384-549A3EBFF7B4}.Release|Any CPU.ActiveCfg = Release|Any CPU
		{0AB9AA28-D9D7-4855-9384-549A3EBFF7B4}.Release|Any CPU.Build.0 = Release|Any CPU
		{5D287E14-8129-4FA6-999E-3449EF2DBF01}.Debug|Any CPU.ActiveCfg = Debug|Any CPU
		{5D287E14-8129-4FA6-999E-3449EF2DBF01}.Debug|Any CPU.Build.0 = Debug|Any CPU
		{5D287E14-8129-4FA6-999E-3449EF2DBF01}.Release|Any CPU.ActiveCfg = Release|Any CPU
		{5D287E14-8129-4FA6-999E-3449EF2DBF01}.Release|Any CPU.Build.0 = Release|Any CPU
	EndGlobalSection
	GlobalSection(SolutionProperties) = preSolution
		HideSolutionNode = FALSE
	EndGlobalSection
EndGlobal
