
Microsoft Visual Studio Solution File, Format Version 12.00
# Visual Studio 14
VisualStudioVersion = 14.0.23107.0
MinimumVisualStudioVersion = 10.0.40219.1
Project("{FAE04EC0-301F-11D3-BF4B-00C04F79EFBC}") = "Log4Net", "Log4Net\Log4Net.csproj", "{65B8CAFE-1D6B-4A2B-83A9-8E6E45FE66E3}"
EndProject
Project("{FAE04EC0-301F-11D3-BF4B-00C04F79EFBC}") = "T4Templates", "T4Templates\T4Templates.csproj", "{B0BD18AA-5F0B-473F-B3BE-8572FB2B661F}"
EndProject
Global
	GlobalSection(SolutionConfigurationPlatforms) = preSolution
		Debug|Any CPU = Debug|Any CPU
		Release|Any CPU = Release|Any CPU
	EndGlobalSection
	GlobalSection(ProjectConfigurationPlatforms) = postSolution
		{65B8CAFE-1D6B-4A2B-83A9-8E6E45FE66E3}.Debug|Any CPU.ActiveCfg = Debug|Any CPU
		{65B8CAFE-1D6B-4A2B-83A9-8E6E45FE66E3}.Debug|Any CPU.Build.0 = Debug|Any CPU
		{65B8CAFE-1D6B-4A2B-83A9-8E6E45FE66E3}.Release|Any CPU.ActiveCfg = Release|Any CPU
		{65B8CAFE-1D6B-4A2B-83A9-8E6E45FE66E3}.Release|Any CPU.Build.0 = Release|Any CPU
		{B0BD18AA-5F0B-473F-B3BE-8572FB2B661F}.Debug|Any CPU.ActiveCfg = Debug|Any CPU
		{B0BD18AA-5F0B-473F-B3BE-8572FB2B661F}.Debug|Any CPU.Build.0 = Debug|Any CPU
		{B0BD18AA-5F0B-473F-B3BE-8572FB2B661F}.Release|Any CPU.ActiveCfg = Release|Any CPU
		{B0BD18AA-5F0B-473F-B3BE-8572FB2B661F}.Release|Any CPU.Build.0 = Release|Any CPU
	EndGlobalSection
	GlobalSection(SolutionProperties) = preSolution
		HideSolutionNode = FALSE
	EndGlobalSection
EndGlobal
