
Microsoft Visual Studio Solution File, Format Version 12.00
# Visual Studio 2013
VisualStudioVersion = 12.0.31101.0
MinimumVisualStudioVersion = 10.0.40219.1
Project("{FAE04EC0-301F-11D3-BF4B-00C04F79EFBC}") = "Problem01. Size", "Problem01. Size\Problem01. Size.csproj", "{C2618F06-0987-4399-AF84-664B204C966A}"
EndProject
Project("{FAE04EC0-301F-11D3-BF4B-00C04F79EFBC}") = "Problem02. PrintStatistics", "Problem02. PrintStatistics\Problem02. PrintStatistics.csproj", "{4EA17D0D-EC26-4F43-AC8B-AD933A3343B6}"
EndProject
Global
	GlobalSection(SolutionConfigurationPlatforms) = preSolution
		Debug|Any CPU = Debug|Any CPU
		Release|Any CPU = Release|Any CPU
	EndGlobalSection
	GlobalSection(ProjectConfigurationPlatforms) = postSolution
		{C2618F06-0987-4399-AF84-664B204C966A}.Debug|Any CPU.ActiveCfg = Debug|Any CPU
		{C2618F06-0987-4399-AF84-664B204C966A}.Debug|Any CPU.Build.0 = Debug|Any CPU
		{C2618F06-0987-4399-AF84-664B204C966A}.Release|Any CPU.ActiveCfg = Release|Any CPU
		{C2618F06-0987-4399-AF84-664B204C966A}.Release|Any CPU.Build.0 = Release|Any CPU
		{4EA17D0D-EC26-4F43-AC8B-AD933A3343B6}.Debug|Any CPU.ActiveCfg = Debug|Any CPU
		{4EA17D0D-EC26-4F43-AC8B-AD933A3343B6}.Debug|Any CPU.Build.0 = Debug|Any CPU
		{4EA17D0D-EC26-4F43-AC8B-AD933A3343B6}.Release|Any CPU.ActiveCfg = Release|Any CPU
		{4EA17D0D-EC26-4F43-AC8B-AD933A3343B6}.Release|Any CPU.Build.0 = Release|Any CPU
	EndGlobalSection
	GlobalSection(SolutionProperties) = preSolution
		HideSolutionNode = FALSE
	EndGlobalSection
EndGlobal
